
Microsoft Visual Studio Solution File, Format Version 12.00
# Visual Studio Version 17
VisualStudioVersion = 17.8.34525.116
MinimumVisualStudioVersion = 10.0.40219.1
Project("{FAE04EC0-301F-11D3-BF4B-00C04F79EFBC}") = "Sberbank", "Sberbank\Sberbank.csproj", "{266A5FF9-D93C-4D6D-9F55-18995D4E8E48}"
EndProject
Project("{FAE04EC0-301F-11D3-BF4B-00C04F79EFBC}") = "Проект Сбербанк", "..\Проект Сбербанк\Проект Сбербанк\Проект Сбербанк.csproj", "{3BB7657F-3060-477D-90E5-94717E68C6C0}"
EndProject
Global
	GlobalSection(SolutionConfigurationPlatforms) = preSolution
		Debug|Any CPU = Debug|Any CPU
		Release|Any CPU = Release|Any CPU
	EndGlobalSection
	GlobalSection(ProjectConfigurationPlatforms) = postSolution
		{266A5FF9-D93C-4D6D-9F55-18995D4E8E48}.Debug|Any CPU.ActiveCfg = Debug|Any CPU
		{266A5FF9-D93C-4D6D-9F55-18995D4E8E48}.Debug|Any CPU.Build.0 = Debug|Any CPU
		{266A5FF9-D93C-4D6D-9F55-18995D4E8E48}.Release|Any CPU.ActiveCfg = Release|Any CPU
		{266A5FF9-D93C-4D6D-9F55-18995D4E8E48}.Release|Any CPU.Build.0 = Release|Any CPU
		{3BB7657F-3060-477D-90E5-94717E68C6C0}.Debug|Any CPU.ActiveCfg = Debug|Any CPU
		{3BB7657F-3060-477D-90E5-94717E68C6C0}.Debug|Any CPU.Build.0 = Debug|Any CPU
		{3BB7657F-3060-477D-90E5-94717E68C6C0}.Release|Any CPU.ActiveCfg = Release|Any CPU
		{3BB7657F-3060-477D-90E5-94717E68C6C0}.Release|Any CPU.Build.0 = Release|Any CPU
	EndGlobalSection
	GlobalSection(SolutionProperties) = preSolution
		HideSolutionNode = FALSE
	EndGlobalSection
	GlobalSection(ExtensibilityGlobals) = postSolution
		SolutionGuid = {A263F30E-983E-446A-A6D1-325BFAF9764C}
	EndGlobalSection
EndGlobal
